// !$*UTF8*$!
{
	archiveVersion = 1;
	classes = {
	};
	objectVersion = 46;
	objects = {

/* Begin PBXBuildFile section */
		34A2311A1CF4448600F5B9A8 /* SCLoginViewController.swift in Sources */ = {isa = PBXBuildFile; fileRef = 34A231191CF4448600F5B9A8 /* SCLoginViewController.swift */; };
		34A2311C1CF444D200F5B9A8 /* SCSignupViewController.swift in Sources */ = {isa = PBXBuildFile; fileRef = 34A2311B1CF444D200F5B9A8 /* SCSignupViewController.swift */; };
		34A2311E1CF44F9600F5B9A8 /* SCListViewController.swift in Sources */ = {isa = PBXBuildFile; fileRef = 34A2311D1CF44F9600F5B9A8 /* SCListViewController.swift */; };
		34A231201CF4543F00F5B9A8 /* SCObjectViewController.swift in Sources */ = {isa = PBXBuildFile; fileRef = 34A2311F1CF4543F00F5B9A8 /* SCObjectViewController.swift */; };
		34AA50861CFB994200633BF7 /* SC.swift in Sources */ = {isa = PBXBuildFile; fileRef = 34AA507C1CFB994200633BF7 /* SC.swift */; };
		34AA50871CFB994200633BF7 /* SCMessage.swift in Sources */ = {isa = PBXBuildFile; fileRef = 34AA507D1CFB994200633BF7 /* SCMessage.swift */; };
		34AA50881CFB994200633BF7 /* SCObject.swift in Sources */ = {isa = PBXBuildFile; fileRef = 34AA507E1CFB994200633BF7 /* SCObject.swift */; };
		34AA50891CFB994200633BF7 /* SCOperator.swift in Sources */ = {isa = PBXBuildFile; fileRef = 34AA507F1CFB994200633BF7 /* SCOperator.swift */; };
		34AA508A1CFB994200633BF7 /* SCQuery.swift in Sources */ = {isa = PBXBuildFile; fileRef = 34AA50801CFB994200633BF7 /* SCQuery.swift */; };
		34AA508B1CFB994200633BF7 /* SCScript.swift in Sources */ = {isa = PBXBuildFile; fileRef = 34AA50811CFB994200633BF7 /* SCScript.swift */; };
		34AA508C1CFB994200633BF7 /* SCUpdate.swift in Sources */ = {isa = PBXBuildFile; fileRef = 34AA50821CFB994200633BF7 /* SCUpdate.swift */; };
		34AA508D1CFB994200633BF7 /* SCUpdateOperator.swift in Sources */ = {isa = PBXBuildFile; fileRef = 34AA50831CFB994200633BF7 /* SCUpdateOperator.swift */; };
		34AA508E1CFB994200633BF7 /* SCUser.swift in Sources */ = {isa = PBXBuildFile; fileRef = 34AA50841CFB994200633BF7 /* SCUser.swift */; };
		34AA508F1CFB994200633BF7 /* SCValue.swift in Sources */ = {isa = PBXBuildFile; fileRef = 34AA50851CFB994200633BF7 /* SCValue.swift */; };
		34AA50931CFB996B00633BF7 /* SCAPI.swift in Sources */ = {isa = PBXBuildFile; fileRef = 34AA50911CFB996B00633BF7 /* SCAPI.swift */; };
		34AA50941CFB996B00633BF7 /* SCAPIRouter.swift in Sources */ = {isa = PBXBuildFile; fileRef = 34AA50921CFB996B00633BF7 /* SCAPIRouter.swift */; };
		34EB67A71CD1E3C20052A8D3 /* AppDelegate.swift in Sources */ = {isa = PBXBuildFile; fileRef = 34EB67A61CD1E3C20052A8D3 /* AppDelegate.swift */; };
		34EB67AC1CD1E3C20052A8D3 /* Main.storyboard in Resources */ = {isa = PBXBuildFile; fileRef = 34EB67AA1CD1E3C20052A8D3 /* Main.storyboard */; };
		34EB67AE1CD1E3C20052A8D3 /* Assets.xcassets in Resources */ = {isa = PBXBuildFile; fileRef = 34EB67AD1CD1E3C20052A8D3 /* Assets.xcassets */; };
		34EB67B11CD1E3C20052A8D3 /* LaunchScreen.storyboard in Resources */ = {isa = PBXBuildFile; fileRef = 34EB67AF1CD1E3C20052A8D3 /* LaunchScreen.storyboard */; };
		6228AF211E51983B0098AEB8 /* bson.swift in Sources */ = {isa = PBXBuildFile; fileRef = 6228AF201E51983B0098AEB8 /* bson.swift */; };
		6228AF221E51983B0098AEB8 /* bson.swift in Sources */ = {isa = PBXBuildFile; fileRef = 6228AF201E51983B0098AEB8 /* bson.swift */; };
		6228AF301E5198760098AEB8 /* TestSCAPI.swift in Sources */ = {isa = PBXBuildFile; fileRef = 6228AF231E5198760098AEB8 /* TestSCAPI.swift */; };
		6228AF321E5198760098AEB8 /* TestSCMessage.swift in Sources */ = {isa = PBXBuildFile; fileRef = 6228AF241E5198760098AEB8 /* TestSCMessage.swift */; };
		6228AF341E5198760098AEB8 /* TestSCObject.swift in Sources */ = {isa = PBXBuildFile; fileRef = 6228AF251E5198760098AEB8 /* TestSCObject.swift */; };
		6228AF361E5198760098AEB8 /* TestSCUpdateOperator.swift in Sources */ = {isa = PBXBuildFile; fileRef = 6228AF261E5198760098AEB8 /* TestSCUpdateOperator.swift */; };
		6228AF381E5198760098AEB8 /* TestSCUser.swift in Sources */ = {isa = PBXBuildFile; fileRef = 6228AF271E5198760098AEB8 /* TestSCUser.swift */; };
		6228AF3A1E5198760098AEB8 /* TestSCValue.swift in Sources */ = {isa = PBXBuildFile; fileRef = 6228AF281E5198760098AEB8 /* TestSCValue.swift */; };
		6228AF3C1E5198760098AEB8 /* Utils.swift in Sources */ = {isa = PBXBuildFile; fileRef = 6228AF291E5198760098AEB8 /* Utils.swift */; };
		6228AF3E1E5198760098AEB8 /* TestSCAPIRouter.swift in Sources */ = {isa = PBXBuildFile; fileRef = 6228AF2A1E5198760098AEB8 /* TestSCAPIRouter.swift */; };
		6228AF401E5198760098AEB8 /* TestSCOperator.swift in Sources */ = {isa = PBXBuildFile; fileRef = 6228AF2B1E5198760098AEB8 /* TestSCOperator.swift */; };
		6228AF421E5198760098AEB8 /* TestSCQuery.swift in Sources */ = {isa = PBXBuildFile; fileRef = 6228AF2C1E5198760098AEB8 /* TestSCQuery.swift */; };
		6228AF441E5198760098AEB8 /* TestSCUpdate.swift in Sources */ = {isa = PBXBuildFile; fileRef = 6228AF2D1E5198760098AEB8 /* TestSCUpdate.swift */; };
		6228AF461E5198760098AEB8 /* TestSC.swift in Sources */ = {isa = PBXBuildFile; fileRef = 6228AF2E1E5198760098AEB8 /* TestSC.swift */; };
/* End PBXBuildFile section */

/* Begin PBXContainerItemProxy section */
		6228AF021E5181110098AEB8 /* PBXContainerItemProxy */ = {
			isa = PBXContainerItemProxy;
			containerPortal = 34EB679B1CD1E3C20052A8D3 /* Project object */;
			proxyType = 1;
			remoteGlobalIDString = 34EB67A21CD1E3C20052A8D3;
			remoteInfo = SC;
		};
/* End PBXContainerItemProxy section */

/* Begin PBXFileReference section */
		34A231191CF4448600F5B9A8 /* SCLoginViewController.swift */ = {isa = PBXFileReference; fileEncoding = 4; lastKnownFileType = sourcecode.swift; path = SCLoginViewController.swift; sourceTree = "<group>"; };
		34A2311B1CF444D200F5B9A8 /* SCSignupViewController.swift */ = {isa = PBXFileReference; fileEncoding = 4; lastKnownFileType = sourcecode.swift; path = SCSignupViewController.swift; sourceTree = "<group>"; };
		34A2311D1CF44F9600F5B9A8 /* SCListViewController.swift */ = {isa = PBXFileReference; fileEncoding = 4; lastKnownFileType = sourcecode.swift; path = SCListViewController.swift; sourceTree = "<group>"; };
		34A2311F1CF4543F00F5B9A8 /* SCObjectViewController.swift */ = {isa = PBXFileReference; fileEncoding = 4; lastKnownFileType = sourcecode.swift; path = SCObjectViewController.swift; sourceTree = "<group>"; };
		34AA507C1CFB994200633BF7 /* SC.swift */ = {isa = PBXFileReference; fileEncoding = 4; lastKnownFileType = sourcecode.swift; path = SC.swift; sourceTree = "<group>"; };
		34AA507D1CFB994200633BF7 /* SCMessage.swift */ = {isa = PBXFileReference; fileEncoding = 4; lastKnownFileType = sourcecode.swift; path = SCMessage.swift; sourceTree = "<group>"; };
		34AA507E1CFB994200633BF7 /* SCObject.swift */ = {isa = PBXFileReference; fileEncoding = 4; lastKnownFileType = sourcecode.swift; path = SCObject.swift; sourceTree = "<group>"; };
		34AA507F1CFB994200633BF7 /* SCOperator.swift */ = {isa = PBXFileReference; fileEncoding = 4; lastKnownFileType = sourcecode.swift; path = SCOperator.swift; sourceTree = "<group>"; };
		34AA50801CFB994200633BF7 /* SCQuery.swift */ = {isa = PBXFileReference; fileEncoding = 4; lastKnownFileType = sourcecode.swift; path = SCQuery.swift; sourceTree = "<group>"; };
		34AA50811CFB994200633BF7 /* SCScript.swift */ = {isa = PBXFileReference; fileEncoding = 4; lastKnownFileType = sourcecode.swift; path = SCScript.swift; sourceTree = "<group>"; };
		34AA50821CFB994200633BF7 /* SCUpdate.swift */ = {isa = PBXFileReference; fileEncoding = 4; lastKnownFileType = sourcecode.swift; path = SCUpdate.swift; sourceTree = "<group>"; };
		34AA50831CFB994200633BF7 /* SCUpdateOperator.swift */ = {isa = PBXFileReference; fileEncoding = 4; lastKnownFileType = sourcecode.swift; path = SCUpdateOperator.swift; sourceTree = "<group>"; };
		34AA50841CFB994200633BF7 /* SCUser.swift */ = {isa = PBXFileReference; fileEncoding = 4; lastKnownFileType = sourcecode.swift; path = SCUser.swift; sourceTree = "<group>"; };
		34AA50851CFB994200633BF7 /* SCValue.swift */ = {isa = PBXFileReference; fileEncoding = 4; lastKnownFileType = sourcecode.swift; path = SCValue.swift; sourceTree = "<group>"; };
		34AA50911CFB996B00633BF7 /* SCAPI.swift */ = {isa = PBXFileReference; fileEncoding = 4; lastKnownFileType = sourcecode.swift; path = SCAPI.swift; sourceTree = "<group>"; };
		34AA50921CFB996B00633BF7 /* SCAPIRouter.swift */ = {isa = PBXFileReference; fileEncoding = 4; lastKnownFileType = sourcecode.swift; path = SCAPIRouter.swift; sourceTree = "<group>"; };
		34EB67A31CD1E3C20052A8D3 /* SC.app */ = {isa = PBXFileReference; explicitFileType = wrapper.application; includeInIndex = 0; path = SC.app; sourceTree = BUILT_PRODUCTS_DIR; };
		34EB67A61CD1E3C20052A8D3 /* AppDelegate.swift */ = {isa = PBXFileReference; lastKnownFileType = sourcecode.swift; path = AppDelegate.swift; sourceTree = "<group>"; };
		34EB67AB1CD1E3C20052A8D3 /* Base */ = {isa = PBXFileReference; lastKnownFileType = file.storyboard; name = Base; path = Base.lproj/Main.storyboard; sourceTree = "<group>"; };
		34EB67AD1CD1E3C20052A8D3 /* Assets.xcassets */ = {isa = PBXFileReference; lastKnownFileType = folder.assetcatalog; path = Assets.xcassets; sourceTree = "<group>"; };
		34EB67B01CD1E3C20052A8D3 /* Base */ = {isa = PBXFileReference; lastKnownFileType = file.storyboard; name = Base; path = Base.lproj/LaunchScreen.storyboard; sourceTree = "<group>"; };
		34EB67B21CD1E3C20052A8D3 /* Info.plist */ = {isa = PBXFileReference; lastKnownFileType = text.plist.xml; path = Info.plist; sourceTree = "<group>"; };
		6228AEFD1E5181110098AEB8 /* SCTests.xctest */ = {isa = PBXFileReference; explicitFileType = wrapper.cfbundle; includeInIndex = 0; path = SCTests.xctest; sourceTree = BUILT_PRODUCTS_DIR; };
		6228AF201E51983B0098AEB8 /* bson.swift */ = {isa = PBXFileReference; fileEncoding = 4; lastKnownFileType = sourcecode.swift; name = bson.swift; path = BSON/bson.swift; sourceTree = "<group>"; };
		6228AF231E5198760098AEB8 /* TestSCAPI.swift */ = {isa = PBXFileReference; fileEncoding = 4; lastKnownFileType = sourcecode.swift; name = TestSCAPI.swift; path = SCTests/TestSCAPI.swift; sourceTree = "<group>"; };
		6228AF241E5198760098AEB8 /* TestSCMessage.swift */ = {isa = PBXFileReference; fileEncoding = 4; lastKnownFileType = sourcecode.swift; name = TestSCMessage.swift; path = SCTests/TestSCMessage.swift; sourceTree = "<group>"; };
		6228AF251E5198760098AEB8 /* TestSCObject.swift */ = {isa = PBXFileReference; fileEncoding = 4; lastKnownFileType = sourcecode.swift; name = TestSCObject.swift; path = SCTests/TestSCObject.swift; sourceTree = "<group>"; };
		6228AF261E5198760098AEB8 /* TestSCUpdateOperator.swift */ = {isa = PBXFileReference; fileEncoding = 4; lastKnownFileType = sourcecode.swift; name = TestSCUpdateOperator.swift; path = SCTests/TestSCUpdateOperator.swift; sourceTree = "<group>"; };
		6228AF271E5198760098AEB8 /* TestSCUser.swift */ = {isa = PBXFileReference; fileEncoding = 4; lastKnownFileType = sourcecode.swift; name = TestSCUser.swift; path = SCTests/TestSCUser.swift; sourceTree = "<group>"; };
		6228AF281E5198760098AEB8 /* TestSCValue.swift */ = {isa = PBXFileReference; fileEncoding = 4; lastKnownFileType = sourcecode.swift; name = TestSCValue.swift; path = SCTests/TestSCValue.swift; sourceTree = "<group>"; };
		6228AF291E5198760098AEB8 /* Utils.swift */ = {isa = PBXFileReference; fileEncoding = 4; lastKnownFileType = sourcecode.swift; name = Utils.swift; path = SCTests/Utils.swift; sourceTree = "<group>"; };
		6228AF2A1E5198760098AEB8 /* TestSCAPIRouter.swift */ = {isa = PBXFileReference; fileEncoding = 4; lastKnownFileType = sourcecode.swift; name = TestSCAPIRouter.swift; path = SCTests/TestSCAPIRouter.swift; sourceTree = "<group>"; };
		6228AF2B1E5198760098AEB8 /* TestSCOperator.swift */ = {isa = PBXFileReference; fileEncoding = 4; lastKnownFileType = sourcecode.swift; name = TestSCOperator.swift; path = SCTests/TestSCOperator.swift; sourceTree = "<group>"; };
		6228AF2C1E5198760098AEB8 /* TestSCQuery.swift */ = {isa = PBXFileReference; fileEncoding = 4; lastKnownFileType = sourcecode.swift; name = TestSCQuery.swift; path = SCTests/TestSCQuery.swift; sourceTree = "<group>"; };
		6228AF2D1E5198760098AEB8 /* TestSCUpdate.swift */ = {isa = PBXFileReference; fileEncoding = 4; lastKnownFileType = sourcecode.swift; name = TestSCUpdate.swift; path = SCTests/TestSCUpdate.swift; sourceTree = "<group>"; };
		6228AF2E1E5198760098AEB8 /* TestSC.swift */ = {isa = PBXFileReference; fileEncoding = 4; lastKnownFileType = sourcecode.swift; name = TestSC.swift; path = SCTests/TestSC.swift; sourceTree = "<group>"; };
/* End PBXFileReference section */

/* Begin PBXFrameworksBuildPhase section */
		34EB67A01CD1E3C20052A8D3 /* Frameworks */ = {
			isa = PBXFrameworksBuildPhase;
			buildActionMask = 2147483647;
			files = (
			);
			runOnlyForDeploymentPostprocessing = 0;
		};
		6228AEFA1E5181100098AEB8 /* Frameworks */ = {
			isa = PBXFrameworksBuildPhase;
			buildActionMask = 2147483647;
			files = (
			);
			runOnlyForDeploymentPostprocessing = 0;
		};
/* End PBXFrameworksBuildPhase section */

/* Begin PBXGroup section */
		34AA50761CFB991700633BF7 /* SCLib */ = {
			isa = PBXGroup;
			children = (
				624EB0E61E4DDD6D0060EA2D /* BSON */,
				34AA50901CFB996B00633BF7 /* API */,
				34AA507B1CFB994200633BF7 /* Model */,
			);
			path = SCLib;
			sourceTree = "<group>";
		};
		34AA507B1CFB994200633BF7 /* Model */ = {
			isa = PBXGroup;
			children = (
				34AA507C1CFB994200633BF7 /* SC.swift */,
				34AA507D1CFB994200633BF7 /* SCMessage.swift */,
				34AA507E1CFB994200633BF7 /* SCObject.swift */,
				34AA507F1CFB994200633BF7 /* SCOperator.swift */,
				34AA50801CFB994200633BF7 /* SCQuery.swift */,
				34AA50811CFB994200633BF7 /* SCScript.swift */,
				34AA50821CFB994200633BF7 /* SCUpdate.swift */,
				34AA50831CFB994200633BF7 /* SCUpdateOperator.swift */,
				34AA50841CFB994200633BF7 /* SCUser.swift */,
				34AA50851CFB994200633BF7 /* SCValue.swift */,
			);
			path = Model;
			sourceTree = "<group>";
		};
		34AA50901CFB996B00633BF7 /* API */ = {
			isa = PBXGroup;
			children = (
				34AA50911CFB996B00633BF7 /* SCAPI.swift */,
				34AA50921CFB996B00633BF7 /* SCAPIRouter.swift */,
			);
			path = API;
			sourceTree = "<group>";
		};
		34EB679A1CD1E3C20052A8D3 = {
			isa = PBXGroup;
			children = (
				34EB67A51CD1E3C20052A8D3 /* SC */,
				34EB67A41CD1E3C20052A8D3 /* Products */,
				6228AF1F1E5198000098AEB8 /* SCTests */,
			);
			sourceTree = "<group>";
		};
		34EB67A41CD1E3C20052A8D3 /* Products */ = {
			isa = PBXGroup;
			children = (
				34EB67A31CD1E3C20052A8D3 /* SC.app */,
				6228AEFD1E5181110098AEB8 /* SCTests.xctest */,
			);
			name = Products;
			sourceTree = "<group>";
		};
		34EB67A51CD1E3C20052A8D3 /* SC */ = {
			isa = PBXGroup;
			children = (
				34AA50761CFB991700633BF7 /* SCLib */,
				34EB67A61CD1E3C20052A8D3 /* AppDelegate.swift */,
				34EB67AA1CD1E3C20052A8D3 /* Main.storyboard */,
				34A231191CF4448600F5B9A8 /* SCLoginViewController.swift */,
				34A2311B1CF444D200F5B9A8 /* SCSignupViewController.swift */,
				34A2311D1CF44F9600F5B9A8 /* SCListViewController.swift */,
				34A2311F1CF4543F00F5B9A8 /* SCObjectViewController.swift */,
				34EB67AD1CD1E3C20052A8D3 /* Assets.xcassets */,
				34EB67AF1CD1E3C20052A8D3 /* LaunchScreen.storyboard */,
				34EB67B21CD1E3C20052A8D3 /* Info.plist */,
			);
			path = SC;
			sourceTree = "<group>";
		};
		6228AF1F1E5198000098AEB8 /* SCTests */ = {
			isa = PBXGroup;
			children = (
				6228AF231E5198760098AEB8 /* TestSCAPI.swift */,
				6228AF241E5198760098AEB8 /* TestSCMessage.swift */,
				6228AF251E5198760098AEB8 /* TestSCObject.swift */,
				6228AF261E5198760098AEB8 /* TestSCUpdateOperator.swift */,
				6228AF271E5198760098AEB8 /* TestSCUser.swift */,
				6228AF281E5198760098AEB8 /* TestSCValue.swift */,
				6228AF291E5198760098AEB8 /* Utils.swift */,
				6228AF2A1E5198760098AEB8 /* TestSCAPIRouter.swift */,
				6228AF2B1E5198760098AEB8 /* TestSCOperator.swift */,
				6228AF2C1E5198760098AEB8 /* TestSCQuery.swift */,
				6228AF2D1E5198760098AEB8 /* TestSCUpdate.swift */,
				6228AF2E1E5198760098AEB8 /* TestSC.swift */,
			);
			name = SCTests;
			sourceTree = "<group>";
		};
		624EB0E61E4DDD6D0060EA2D /* BSON */ = {
			isa = PBXGroup;
			children = (
				6228AF201E51983B0098AEB8 /* bson.swift */,
			);
			name = BSON;
			sourceTree = "<group>";
		};
/* End PBXGroup section */

/* Begin PBXNativeTarget section */
		34EB67A21CD1E3C20052A8D3 /* SC */ = {
			isa = PBXNativeTarget;
			buildConfigurationList = 34EB67B51CD1E3C20052A8D3 /* Build configuration list for PBXNativeTarget "SC" */;
			buildPhases = (
				34EB679F1CD1E3C20052A8D3 /* Sources */,
				34EB67A01CD1E3C20052A8D3 /* Frameworks */,
				34EB67A11CD1E3C20052A8D3 /* Resources */,
			);
			buildRules = (
			);
			dependencies = (
			);
			name = SC;
			productName = SC;
			productReference = 34EB67A31CD1E3C20052A8D3 /* SC.app */;
			productType = "com.apple.product-type.application";
		};
		6228AEFC1E5181100098AEB8 /* SCTests */ = {
			isa = PBXNativeTarget;
			buildConfigurationList = 6228AF041E5181110098AEB8 /* Build configuration list for PBXNativeTarget "SCTests" */;
			buildPhases = (
				6228AEF91E5181100098AEB8 /* Sources */,
				6228AEFA1E5181100098AEB8 /* Frameworks */,
				6228AEFB1E5181100098AEB8 /* Resources */,
			);
			buildRules = (
			);
			dependencies = (
				6228AF031E5181110098AEB8 /* PBXTargetDependency */,
			);
			name = SCTests;
			productName = SCTests;
			productReference = 6228AEFD1E5181110098AEB8 /* SCTests.xctest */;
			productType = "com.apple.product-type.bundle.unit-test";
		};
/* End PBXNativeTarget section */

/* Begin PBXProject section */
		34EB679B1CD1E3C20052A8D3 /* Project object */ = {
			isa = PBXProject;
			attributes = {
				LastSwiftUpdateCheck = 0820;
				LastUpgradeCheck = 0820;
				ORGANIZATIONNAME = "Aleksandr Konakov";
				TargetAttributes = {
					34EB67A21CD1E3C20052A8D3 = {
						CreatedOnToolsVersion = 7.3;
						LastSwiftMigration = 0820;
					};
					6228AEFC1E5181100098AEB8 = {
						CreatedOnToolsVersion = 8.2.1;
						DevelopmentTeam = Q9F94SAMUV;
						LastSwiftMigration = 0820;
						ProvisioningStyle = Automatic;
						TestTargetID = 34EB67A21CD1E3C20052A8D3;
					};
				};
			};
			buildConfigurationList = 34EB679E1CD1E3C20052A8D3 /* Build configuration list for PBXProject "SC" */;
			compatibilityVersion = "Xcode 3.2";
			developmentRegion = English;
			hasScannedForEncodings = 0;
			knownRegions = (
				en,
				Base,
			);
			mainGroup = 34EB679A1CD1E3C20052A8D3;
			productRefGroup = 34EB67A41CD1E3C20052A8D3 /* Products */;
			projectDirPath = "";
			projectRoot = "";
			targets = (
				34EB67A21CD1E3C20052A8D3 /* SC */,
				6228AEFC1E5181100098AEB8 /* SCTests */,
			);
		};
/* End PBXProject section */

/* Begin PBXResourcesBuildPhase section */
		34EB67A11CD1E3C20052A8D3 /* Resources */ = {
			isa = PBXResourcesBuildPhase;
			buildActionMask = 2147483647;
			files = (
				34EB67B11CD1E3C20052A8D3 /* LaunchScreen.storyboard in Resources */,
				34EB67AE1CD1E3C20052A8D3 /* Assets.xcassets in Resources */,
				34EB67AC1CD1E3C20052A8D3 /* Main.storyboard in Resources */,
			);
			runOnlyForDeploymentPostprocessing = 0;
		};
		6228AEFB1E5181100098AEB8 /* Resources */ = {
			isa = PBXResourcesBuildPhase;
			buildActionMask = 2147483647;
			files = (
			);
			runOnlyForDeploymentPostprocessing = 0;
		};
/* End PBXResourcesBuildPhase section */

/* Begin PBXSourcesBuildPhase section */
		34EB679F1CD1E3C20052A8D3 /* Sources */ = {
			isa = PBXSourcesBuildPhase;
			buildActionMask = 2147483647;
			files = (
				34A2311C1CF444D200F5B9A8 /* SCSignupViewController.swift in Sources */,
				34AA50881CFB994200633BF7 /* SCObject.swift in Sources */,
				34AA50861CFB994200633BF7 /* SC.swift in Sources */,
				34A231201CF4543F00F5B9A8 /* SCObjectViewController.swift in Sources */,
				34AA50891CFB994200633BF7 /* SCOperator.swift in Sources */,
				34AA508D1CFB994200633BF7 /* SCUpdateOperator.swift in Sources */,
				34AA508B1CFB994200633BF7 /* SCScript.swift in Sources */,
				34AA50941CFB996B00633BF7 /* SCAPIRouter.swift in Sources */,
				34A2311A1CF4448600F5B9A8 /* SCLoginViewController.swift in Sources */,
				34A2311E1CF44F9600F5B9A8 /* SCListViewController.swift in Sources */,
				34AA50931CFB996B00633BF7 /* SCAPI.swift in Sources */,
				6228AF211E51983B0098AEB8 /* bson.swift in Sources */,
				34AA50871CFB994200633BF7 /* SCMessage.swift in Sources */,
				34AA508A1CFB994200633BF7 /* SCQuery.swift in Sources */,
				34AA508F1CFB994200633BF7 /* SCValue.swift in Sources */,
				34AA508C1CFB994200633BF7 /* SCUpdate.swift in Sources */,
				34EB67A71CD1E3C20052A8D3 /* AppDelegate.swift in Sources */,
				34AA508E1CFB994200633BF7 /* SCUser.swift in Sources */,
			);
			runOnlyForDeploymentPostprocessing = 0;
		};
		6228AEF91E5181100098AEB8 /* Sources */ = {
			isa = PBXSourcesBuildPhase;
			buildActionMask = 2147483647;
			files = (
				6228AF3E1E5198760098AEB8 /* TestSCAPIRouter.swift in Sources */,
				6228AF461E5198760098AEB8 /* TestSC.swift in Sources */,
				6228AF301E5198760098AEB8 /* TestSCAPI.swift in Sources */,
				6228AF321E5198760098AEB8 /* TestSCMessage.swift in Sources */,
				6228AF3A1E5198760098AEB8 /* TestSCValue.swift in Sources */,
				6228AF381E5198760098AEB8 /* TestSCUser.swift in Sources */,
				6228AF341E5198760098AEB8 /* TestSCObject.swift in Sources */,
				6228AF221E51983B0098AEB8 /* bson.swift in Sources */,
				6228AF361E5198760098AEB8 /* TestSCUpdateOperator.swift in Sources */,
				6228AF3C1E5198760098AEB8 /* Utils.swift in Sources */,
				6228AF401E5198760098AEB8 /* TestSCOperator.swift in Sources */,
				6228AF441E5198760098AEB8 /* TestSCUpdate.swift in Sources */,
				6228AF421E5198760098AEB8 /* TestSCQuery.swift in Sources */,
			);
			runOnlyForDeploymentPostprocessing = 0;
		};
/* End PBXSourcesBuildPhase section */

/* Begin PBXTargetDependency section */
		6228AF031E5181110098AEB8 /* PBXTargetDependency */ = {
			isa = PBXTargetDependency;
			target = 34EB67A21CD1E3C20052A8D3 /* SC */;
			targetProxy = 6228AF021E5181110098AEB8 /* PBXContainerItemProxy */;
		};
/* End PBXTargetDependency section */

/* Begin PBXVariantGroup section */
		34EB67AA1CD1E3C20052A8D3 /* Main.storyboard */ = {
			isa = PBXVariantGroup;
			children = (
				34EB67AB1CD1E3C20052A8D3 /* Base */,
			);
			name = Main.storyboard;
			sourceTree = "<group>";
		};
		34EB67AF1CD1E3C20052A8D3 /* LaunchScreen.storyboard */ = {
			isa = PBXVariantGroup;
			children = (
				34EB67B01CD1E3C20052A8D3 /* Base */,
			);
			name = LaunchScreen.storyboard;
			sourceTree = "<group>";
		};
/* End PBXVariantGroup section */

/* Begin XCBuildConfiguration section */
		34EB67B31CD1E3C20052A8D3 /* Debug */ = {
			isa = XCBuildConfiguration;
			buildSettings = {
				ALWAYS_SEARCH_USER_PATHS = NO;
				CLANG_ANALYZER_NONNULL = YES;
				CLANG_CXX_LANGUAGE_STANDARD = "gnu++0x";
				CLANG_CXX_LIBRARY = "libc++";
				CLANG_ENABLE_MODULES = YES;
				CLANG_ENABLE_OBJC_ARC = YES;
				CLANG_WARN_BOOL_CONVERSION = YES;
				CLANG_WARN_CONSTANT_CONVERSION = YES;
				CLANG_WARN_DIRECT_OBJC_ISA_USAGE = YES_ERROR;
				CLANG_WARN_EMPTY_BODY = YES;
				CLANG_WARN_ENUM_CONVERSION = YES;
				CLANG_WARN_INFINITE_RECURSION = YES;
				CLANG_WARN_INT_CONVERSION = YES;
				CLANG_WARN_OBJC_ROOT_CLASS = YES_ERROR;
				CLANG_WARN_SUSPICIOUS_MOVE = YES;
				CLANG_WARN_UNREACHABLE_CODE = YES;
				CLANG_WARN__DUPLICATE_METHOD_MATCH = YES;
				"CODE_SIGN_IDENTITY[sdk=iphoneos*]" = "iPhone Developer";
				COPY_PHASE_STRIP = NO;
				DEBUG_INFORMATION_FORMAT = dwarf;
				ENABLE_STRICT_OBJC_MSGSEND = YES;
				ENABLE_TESTABILITY = YES;
				GCC_C_LANGUAGE_STANDARD = gnu99;
				GCC_DYNAMIC_NO_PIC = NO;
				GCC_NO_COMMON_BLOCKS = YES;
				GCC_OPTIMIZATION_LEVEL = 0;
				GCC_PREPROCESSOR_DEFINITIONS = (
					"DEBUG=1",
					"$(inherited)",
				);
				GCC_WARN_64_TO_32_BIT_CONVERSION = YES;
				GCC_WARN_ABOUT_RETURN_TYPE = YES_ERROR;
				GCC_WARN_UNDECLARED_SELECTOR = YES;
				GCC_WARN_UNINITIALIZED_AUTOS = YES_AGGRESSIVE;
				GCC_WARN_UNUSED_FUNCTION = YES;
				GCC_WARN_UNUSED_VARIABLE = YES;
				IPHONEOS_DEPLOYMENT_TARGET = 9.3;
				MTL_ENABLE_DEBUG_INFO = YES;
				ONLY_ACTIVE_ARCH = YES;
				SDKROOT = iphoneos;
				SWIFT_OPTIMIZATION_LEVEL = "-Onone";
			};
			name = Debug;
		};
		34EB67B41CD1E3C20052A8D3 /* Release */ = {
			isa = XCBuildConfiguration;
			buildSettings = {
				ALWAYS_SEARCH_USER_PATHS = NO;
				CLANG_ANALYZER_NONNULL = YES;
				CLANG_CXX_LANGUAGE_STANDARD = "gnu++0x";
				CLANG_CXX_LIBRARY = "libc++";
				CLANG_ENABLE_MODULES = YES;
				CLANG_ENABLE_OBJC_ARC = YES;
				CLANG_WARN_BOOL_CONVERSION = YES;
				CLANG_WARN_CONSTANT_CONVERSION = YES;
				CLANG_WARN_DIRECT_OBJC_ISA_USAGE = YES_ERROR;
				CLANG_WARN_EMPTY_BODY = YES;
				CLANG_WARN_ENUM_CONVERSION = YES;
				CLANG_WARN_INFINITE_RECURSION = YES;
				CLANG_WARN_INT_CONVERSION = YES;
				CLANG_WARN_OBJC_ROOT_CLASS = YES_ERROR;
				CLANG_WARN_SUSPICIOUS_MOVE = YES;
				CLANG_WARN_UNREACHABLE_CODE = YES;
				CLANG_WARN__DUPLICATE_METHOD_MATCH = YES;
				"CODE_SIGN_IDENTITY[sdk=iphoneos*]" = "iPhone Developer";
				COPY_PHASE_STRIP = NO;
				DEBUG_INFORMATION_FORMAT = "dwarf-with-dsym";
				ENABLE_NS_ASSERTIONS = NO;
				ENABLE_STRICT_OBJC_MSGSEND = YES;
				GCC_C_LANGUAGE_STANDARD = gnu99;
				GCC_NO_COMMON_BLOCKS = YES;
				GCC_WARN_64_TO_32_BIT_CONVERSION = YES;
				GCC_WARN_ABOUT_RETURN_TYPE = YES_ERROR;
				GCC_WARN_UNDECLARED_SELECTOR = YES;
				GCC_WARN_UNINITIALIZED_AUTOS = YES_AGGRESSIVE;
				GCC_WARN_UNUSED_FUNCTION = YES;
				GCC_WARN_UNUSED_VARIABLE = YES;
				IPHONEOS_DEPLOYMENT_TARGET = 9.3;
				MTL_ENABLE_DEBUG_INFO = NO;
				SDKROOT = iphoneos;
				SWIFT_OPTIMIZATION_LEVEL = "-Owholemodule";
				VALIDATE_PRODUCT = YES;
			};
			name = Release;
		};
		34EB67B61CD1E3C20052A8D3 /* Debug */ = {
			isa = XCBuildConfiguration;
			buildSettings = {
				ASSETCATALOG_COMPILER_APPICON_NAME = AppIcon;
				CLANG_ENABLE_MODULES = YES;
				FRAMEWORK_SEARCH_PATHS = (
					"$(inherited)",
					"$(PROJECT_DIR)/SC",
					"$(PROJECT_DIR)/Carthage/Build/iOS",
				);
				INFOPLIST_FILE = SC/Info.plist;
				LD_RUNPATH_SEARCH_PATHS = "$(inherited) @executable_path/Frameworks";
				PRODUCT_BUNDLE_IDENTIFIER = ru.scorocode;
				PRODUCT_NAME = "$(TARGET_NAME)";
				SWIFT_OPTIMIZATION_LEVEL = "-Onone";
				SWIFT_VERSION = 3.0;
			};
			name = Debug;
		};
		34EB67B71CD1E3C20052A8D3 /* Release */ = {
			isa = XCBuildConfiguration;
			buildSettings = {
				ASSETCATALOG_COMPILER_APPICON_NAME = AppIcon;
				CLANG_ENABLE_MODULES = YES;
				FRAMEWORK_SEARCH_PATHS = (
					"$(inherited)",
					"$(PROJECT_DIR)/SC",
					"$(PROJECT_DIR)/Carthage/Build/iOS",
				);
				INFOPLIST_FILE = SC/Info.plist;
				LD_RUNPATH_SEARCH_PATHS = "$(inherited) @executable_path/Frameworks";
				PRODUCT_BUNDLE_IDENTIFIER = ru.scorocode;
				PRODUCT_NAME = "$(TARGET_NAME)";
				SWIFT_VERSION = 3.0;
			};
			name = Release;
		};
		6228AF051E5181110098AEB8 /* Debug */ = {
			isa = XCBuildConfiguration;
			buildSettings = {
				BUNDLE_LOADER = "$(TEST_HOST)";
				CLANG_ENABLE_MODULES = YES;
				CLANG_WARN_DOCUMENTATION_COMMENTS = YES;
				DEVELOPMENT_TEAM = Q9F94SAMUV;
				INFOPLIST_FILE = SCTests/Info.plist;
				IPHONEOS_DEPLOYMENT_TARGET = 10.2;
				LD_RUNPATH_SEARCH_PATHS = "$(inherited) @executable_path/Frameworks @loader_path/Frameworks";
				PRODUCT_BUNDLE_IDENTIFIER = ru.scorocode.SCTests;
				PRODUCT_NAME = "$(TARGET_NAME)";
				SWIFT_ACTIVE_COMPILATION_CONDITIONS = DEBUG;
				SWIFT_OPTIMIZATION_LEVEL = "-Onone";
				SWIFT_VERSION = 3.0;
				TEST_HOST = "$(BUILT_PRODUCTS_DIR)/SC.app/SC";
			};
			name = Debug;
		};
		6228AF061E5181110098AEB8 /* Release */ = {
			isa = XCBuildConfiguration;
			buildSettings = {
				BUNDLE_LOADER = "$(TEST_HOST)";
				CLANG_ENABLE_MODULES = YES;
				CLANG_WARN_DOCUMENTATION_COMMENTS = YES;
				DEVELOPMENT_TEAM = Q9F94SAMUV;
				INFOPLIST_FILE = SCTests/Info.plist;
				IPHONEOS_DEPLOYMENT_TARGET = 10.2;
				LD_RUNPATH_SEARCH_PATHS = "$(inherited) @executable_path/Frameworks @loader_path/Frameworks";
				PRODUCT_BUNDLE_IDENTIFIER = ru.scorocode.SCTests;
				PRODUCT_NAME = "$(TARGET_NAME)";
				SWIFT_VERSION = 3.0;
				TEST_HOST = "$(BUILT_PRODUCTS_DIR)/SC.app/SC";
			};
			name = Release;
		};
/* End XCBuildConfiguration section */

/* Begin XCConfigurationList section */
		34EB679E1CD1E3C20052A8D3 /* Build configuration list for PBXProject "SC" */ = {
			isa = XCConfigurationList;
			buildConfigurations = (
				34EB67B31CD1E3C20052A8D3 /* Debug */,
				34EB67B41CD1E3C20052A8D3 /* Release */,
			);
			defaultConfigurationIsVisible = 0;
			defaultConfigurationName = Release;
		};
		34EB67B51CD1E3C20052A8D3 /* Build configuration list for PBXNativeTarget "SC" */ = {
			isa = XCConfigurationList;
			buildConfigurations = (
				34EB67B61CD1E3C20052A8D3 /* Debug */,
				34EB67B71CD1E3C20052A8D3 /* Release */,
			);
			defaultConfigurationIsVisible = 0;
			defaultConfigurationName = Release;
		};
		6228AF041E5181110098AEB8 /* Build configuration list for PBXNativeTarget "SCTests" */ = {
			isa = XCConfigurationList;
			buildConfigurations = (
				6228AF051E5181110098AEB8 /* Debug */,
				6228AF061E5181110098AEB8 /* Release */,
			);
			defaultConfigurationIsVisible = 0;
		};
/* End XCConfigurationList section */
	};
	rootObject = 34EB679B1CD1E3C20052A8D3 /* Project object */;
}
